{
    "version": 3,
    "terraform_version": "0.11.14",
    "serial": 59,
    "lineage": "9702f677-10d1-1d15-d1a2-f97f29c1222b",
    "modules": [
        {
            "path": [
                "root"
            ],
            "outputs": {},
            "resources": {},
            "depends_on": []
        },
        {
            "path": [
                "root",
                "auto_scaling_group"
            ],
            "outputs": {},
            "resources": {
                "aws_autoscaling_group.consul-cluste-auto-scaling-group": {
                    "type": "aws_autoscaling_group",
                    "depends_on": [
                        "aws_launch_configuration.auto_scaling_group_config"
                    ],
                    "primary": {
                        "id": "consul-cluster",
                        "attributes": {
                            "arn": "arn:aws:autoscaling:eu-west-1:001852333992:autoScalingGroup:2d238d66-5c1d-4b89-8614-6cdd02282121:autoScalingGroupName/consul-cluster",
                            "availability_zones.#": "3",
                            "availability_zones.1924028850": "eu-west-1b",
                            "availability_zones.3953592328": "eu-west-1a",
                            "availability_zones.94988580": "eu-west-1c",
                            "default_cooldown": "300",
                            "desired_capacity": "5",
                            "enabled_metrics.#": "0",
                            "force_delete": "false",
                            "health_check_grace_period": "300",
                            "health_check_type": "EC2",
                            "id": "consul-cluster",
                            "launch_configuration": "consul-cluster",
                            "launch_template.#": "0",
                            "load_balancers.#": "1",
                            "load_balancers.2188547681": "consul-cluster-elb",
                            "max_instance_lifetime": "0",
                            "max_size": "5",
                            "metrics_granularity": "1Minute",
                            "min_size": "5",
                            "mixed_instances_policy.#": "0",
                            "name": "consul-cluster",
                            "placement_group": "",
                            "protect_from_scale_in": "false",
                            "service_linked_role_arn": "arn:aws:iam::001852333992:role/aws-service-role/autoscaling.amazonaws.com/AWSServiceRoleForAutoScaling",
                            "suspended_processes.#": "0",
                            "tag.#": "1",
                            "tag.1613810272.key": "Name",
                            "tag.1613810272.propagate_at_launch": "true",
                            "tag.1613810272.value": "consule",
                            "target_group_arns.#": "0",
                            "termination_policies.#": "0",
                            "vpc_zone_identifier.#": "3",
                            "vpc_zone_identifier.2030715251": "subnet-015685b704d1a2209",
                            "vpc_zone_identifier.3861061560": "subnet-0183d0f18f99f9a61",
                            "vpc_zone_identifier.991742274": "subnet-0d88ed5c71032d556",
                            "wait_for_capacity_timeout": "10m"
                        },
                        "meta": {
                            "e2bfb730-ecaa-11e6-8f88-34363bc7c4c0": {
                                "delete": 600000000000
                            }
                        },
                        "tainted": false
                    },
                    "deposed": [],
                    "provider": "provider.aws"
                },
                "aws_launch_configuration.auto_scaling_group_config": {
                    "type": "aws_launch_configuration",
                    "depends_on": [],
                    "primary": {
                        "id": "consul-cluster",
                        "attributes": {
                            "arn": "arn:aws:autoscaling:eu-west-1:001852333992:launchConfiguration:d0aa3fc1-d238-4439-a997-cf977d87d37f:launchConfigurationName/consul-cluster",
                            "associate_public_ip_address": "false",
                            "ebs_block_device.#": "0",
                            "ebs_optimized": "false",
                            "enable_monitoring": "true",
                            "ephemeral_block_device.#": "0",
                            "iam_instance_profile": "consul_profile",
                            "id": "consul-cluster",
                            "image_id": "ami-0ea3405d2d2522162",
                            "instance_type": "t2.micro",
                            "key_name": "snowplow_key",
                            "name": "consul-cluster",
                            "root_block_device.#": "0",
                            "security_groups.#": "1",
                            "security_groups.1035827096": "sg-05e1d0a8823009a29",
                            "spot_price": "",
                            "user_data": "625541397509700fad7b84c2b6fa8cdee3c8703e",
                            "vpc_classic_link_id": "",
                            "vpc_classic_link_security_groups.#": "0"
                        },
                        "meta": {},
                        "tainted": false
                    },
                    "deposed": [],
                    "provider": "provider.aws"
                }
            },
            "depends_on": []
        },
        {
            "path": [
                "root",
                "load_balancer"
            ],
            "outputs": {
                "consul-dns-name": {
                    "sensitive": false,
                    "type": "string",
                    "value": "consul-cluster-elb-1286429646.eu-west-1.elb.amazonaws.com"
                },
                "consul_cluster_elb_id": {
                    "sensitive": false,
                    "type": "string",
                    "value": "consul-cluster-elb"
                }
            },
            "resources": {
                "aws_elb.consul_cluster_elb": {
                    "type": "aws_elb",
                    "depends_on": [],
                    "primary": {
                        "id": "consul-cluster-elb",
                        "attributes": {
                            "access_logs.#": "0",
                            "arn": "arn:aws:elasticloadbalancing:eu-west-1:001852333992:loadbalancer/consul-cluster-elb",
                            "availability_zones.#": "3",
                            "availability_zones.1924028850": "eu-west-1b",
                            "availability_zones.3953592328": "eu-west-1a",
                            "availability_zones.94988580": "eu-west-1c",
                            "connection_draining": "false",
                            "connection_draining_timeout": "300",
                            "cross_zone_load_balancing": "true",
                            "dns_name": "consul-cluster-elb-1286429646.eu-west-1.elb.amazonaws.com",
                            "health_check.#": "1",
                            "health_check.0.healthy_threshold": "2",
                            "health_check.0.interval": "30",
                            "health_check.0.target": "HTTP:8500/ui/",
                            "health_check.0.timeout": "3",
                            "health_check.0.unhealthy_threshold": "2",
                            "id": "consul-cluster-elb",
                            "idle_timeout": "60",
                            "instances.#": "0",
                            "internal": "false",
                            "listener.#": "1",
                            "listener.3904348682.instance_port": "8500",
                            "listener.3904348682.instance_protocol": "http",
                            "listener.3904348682.lb_port": "80",
                            "listener.3904348682.lb_protocol": "http",
                            "listener.3904348682.ssl_certificate_id": "",
                            "name": "consul-cluster-elb",
                            "security_groups.#": "1",
                            "security_groups.2785289537": "sg-09183a11f3c0e3beb",
                            "source_security_group": "001852333992/consul_cluster_elb",
                            "source_security_group_id": "sg-09183a11f3c0e3beb",
                            "subnets.#": "3",
                            "subnets.2030715251": "subnet-015685b704d1a2209",
                            "subnets.3861061560": "subnet-0183d0f18f99f9a61",
                            "subnets.991742274": "subnet-0d88ed5c71032d556",
                            "tags.%": "0",
                            "zone_id": "Z32O12XQLNTSW2"
                        },
                        "meta": {},
                        "tainted": false
                    },
                    "deposed": [],
                    "provider": "provider.aws"
                }
            },
            "depends_on": []
        },
        {
            "path": [
                "root",
                "networking"
            ],
            "outputs": {
                "consul_cluster_public_subnets_ids": {
                    "sensitive": false,
                    "type": "list",
                    "value": [
                        "subnet-0183d0f18f99f9a61",
                        "subnet-0d88ed5c71032d556",
                        "subnet-015685b704d1a2209"
                    ]
                },
                "consul_cluster_vpc_id": {
                    "sensitive": false,
                    "type": "string",
                    "value": "vpc-084f5cafeea208998"
                }
            },
            "resources": {
                "aws_internet_gateway.consul_cluster_netgate": {
                    "type": "aws_internet_gateway",
                    "depends_on": [
                        "aws_vpc.consul_cluster_vpc"
                    ],
                    "primary": {
                        "id": "igw-05b8b8c66c89afaa4",
                        "attributes": {
                            "id": "igw-05b8b8c66c89afaa4",
                            "owner_id": "001852333992",
                            "tags.%": "1",
                            "tags.Name": "consul_cluster_netgate",
                            "vpc_id": "vpc-084f5cafeea208998"
                        },
                        "meta": {},
                        "tainted": false
                    },
                    "deposed": [],
                    "provider": "provider.aws"
                },
                "aws_route_table.consul_cluster_pub_rt": {
                    "type": "aws_route_table",
                    "depends_on": [
                        "aws_internet_gateway.consul_cluster_netgate",
                        "aws_vpc.consul_cluster_vpc"
                    ],
                    "primary": {
                        "id": "rtb-086876960a15a68ce",
                        "attributes": {
                            "id": "rtb-086876960a15a68ce",
                            "owner_id": "001852333992",
                            "propagating_vgws.#": "0",
                            "route.#": "1",
                            "route.4237282954.cidr_block": "0.0.0.0/0",
                            "route.4237282954.egress_only_gateway_id": "",
                            "route.4237282954.gateway_id": "igw-05b8b8c66c89afaa4",
                            "route.4237282954.instance_id": "",
                            "route.4237282954.ipv6_cidr_block": "",
                            "route.4237282954.nat_gateway_id": "",
                            "route.4237282954.network_interface_id": "",
                            "route.4237282954.transit_gateway_id": "",
                            "route.4237282954.vpc_peering_connection_id": "",
                            "tags.%": "1",
                            "tags.Name": "consul_cluster_pub_rt",
                            "vpc_id": "vpc-084f5cafeea208998"
                        },
                        "meta": {},
                        "tainted": false
                    },
                    "deposed": [],
                    "provider": "provider.aws"
                },
                "aws_route_table_association.public_rt_assoc.0": {
                    "type": "aws_route_table_association",
                    "depends_on": [
                        "aws_route_table.consul_cluster_pub_rt",
                        "aws_subnet.consul_cluster_public_subnet.*"
                    ],
                    "primary": {
                        "id": "rtbassoc-03a82a32c5a161e84",
                        "attributes": {
                            "id": "rtbassoc-03a82a32c5a161e84",
                            "route_table_id": "rtb-086876960a15a68ce",
                            "subnet_id": "subnet-0183d0f18f99f9a61"
                        },
                        "meta": {},
                        "tainted": false
                    },
                    "deposed": [],
                    "provider": "provider.aws"
                },
                "aws_route_table_association.public_rt_assoc.1": {
                    "type": "aws_route_table_association",
                    "depends_on": [
                        "aws_route_table.consul_cluster_pub_rt",
                        "aws_subnet.consul_cluster_public_subnet.*"
                    ],
                    "primary": {
                        "id": "rtbassoc-05f4bba1745ff4cbf",
                        "attributes": {
                            "id": "rtbassoc-05f4bba1745ff4cbf",
                            "route_table_id": "rtb-086876960a15a68ce",
                            "subnet_id": "subnet-0d88ed5c71032d556"
                        },
                        "meta": {},
                        "tainted": false
                    },
                    "deposed": [],
                    "provider": "provider.aws"
                },
                "aws_route_table_association.public_rt_assoc.2": {
                    "type": "aws_route_table_association",
                    "depends_on": [
                        "aws_route_table.consul_cluster_pub_rt",
                        "aws_subnet.consul_cluster_public_subnet.*"
                    ],
                    "primary": {
                        "id": "rtbassoc-043d21e98e7d779c7",
                        "attributes": {
                            "id": "rtbassoc-043d21e98e7d779c7",
                            "route_table_id": "rtb-086876960a15a68ce",
                            "subnet_id": "subnet-015685b704d1a2209"
                        },
                        "meta": {},
                        "tainted": false
                    },
                    "deposed": [],
                    "provider": "provider.aws"
                },
                "aws_subnet.consul_cluster_public_subnet.0": {
                    "type": "aws_subnet",
                    "depends_on": [
                        "aws_vpc.consul_cluster_vpc",
                        "data.aws_availability_zones.available"
                    ],
                    "primary": {
                        "id": "subnet-0183d0f18f99f9a61",
                        "attributes": {
                            "arn": "arn:aws:ec2:eu-west-1:001852333992:subnet/subnet-0183d0f18f99f9a61",
                            "assign_ipv6_address_on_creation": "false",
                            "availability_zone": "eu-west-1a",
                            "availability_zone_id": "euw1-az1",
                            "cidr_block": "10.0.1.0/24",
                            "id": "subnet-0183d0f18f99f9a61",
                            "ipv6_cidr_block": "",
                            "ipv6_cidr_block_association_id": "",
                            "map_public_ip_on_launch": "true",
                            "outpost_arn": "",
                            "owner_id": "001852333992",
                            "tags.%": "2",
                            "tags.Name": "consul_cluster_public_subnet_1",
                            "tags.cluster": "consul",
                            "vpc_id": "vpc-084f5cafeea208998"
                        },
                        "meta": {
                            "e2bfb730-ecaa-11e6-8f88-34363bc7c4c0": {
                                "create": 600000000000,
                                "delete": 1200000000000
                            },
                            "schema_version": "1"
                        },
                        "tainted": false
                    },
                    "deposed": [],
                    "provider": "provider.aws"
                },
                "aws_subnet.consul_cluster_public_subnet.1": {
                    "type": "aws_subnet",
                    "depends_on": [
                        "aws_vpc.consul_cluster_vpc",
                        "data.aws_availability_zones.available"
                    ],
                    "primary": {
                        "id": "subnet-0d88ed5c71032d556",
                        "attributes": {
                            "arn": "arn:aws:ec2:eu-west-1:001852333992:subnet/subnet-0d88ed5c71032d556",
                            "assign_ipv6_address_on_creation": "false",
                            "availability_zone": "eu-west-1b",
                            "availability_zone_id": "euw1-az2",
                            "cidr_block": "10.0.2.0/24",
                            "id": "subnet-0d88ed5c71032d556",
                            "ipv6_cidr_block": "",
                            "ipv6_cidr_block_association_id": "",
                            "map_public_ip_on_launch": "true",
                            "outpost_arn": "",
                            "owner_id": "001852333992",
                            "tags.%": "2",
                            "tags.Name": "consul_cluster_public_subnet_2",
                            "tags.cluster": "consul",
                            "vpc_id": "vpc-084f5cafeea208998"
                        },
                        "meta": {
                            "e2bfb730-ecaa-11e6-8f88-34363bc7c4c0": {
                                "create": 600000000000,
                                "delete": 1200000000000
                            },
                            "schema_version": "1"
                        },
                        "tainted": false
                    },
                    "deposed": [],
                    "provider": "provider.aws"
                },
                "aws_subnet.consul_cluster_public_subnet.2": {
                    "type": "aws_subnet",
                    "depends_on": [
                        "aws_vpc.consul_cluster_vpc",
                        "data.aws_availability_zones.available"
                    ],
                    "primary": {
                        "id": "subnet-015685b704d1a2209",
                        "attributes": {
                            "arn": "arn:aws:ec2:eu-west-1:001852333992:subnet/subnet-015685b704d1a2209",
                            "assign_ipv6_address_on_creation": "false",
                            "availability_zone": "eu-west-1c",
                            "availability_zone_id": "euw1-az3",
                            "cidr_block": "10.0.3.0/24",
                            "id": "subnet-015685b704d1a2209",
                            "ipv6_cidr_block": "",
                            "ipv6_cidr_block_association_id": "",
                            "map_public_ip_on_launch": "true",
                            "outpost_arn": "",
                            "owner_id": "001852333992",
                            "tags.%": "2",
                            "tags.Name": "consul_cluster_public_subnet_3",
                            "tags.cluster": "consul",
                            "vpc_id": "vpc-084f5cafeea208998"
                        },
                        "meta": {
                            "e2bfb730-ecaa-11e6-8f88-34363bc7c4c0": {
                                "create": 600000000000,
                                "delete": 1200000000000
                            },
                            "schema_version": "1"
                        },
                        "tainted": false
                    },
                    "deposed": [],
                    "provider": "provider.aws"
                },
                "aws_vpc.consul_cluster_vpc": {
                    "type": "aws_vpc",
                    "depends_on": [],
                    "primary": {
                        "id": "vpc-084f5cafeea208998",
                        "attributes": {
                            "arn": "arn:aws:ec2:eu-west-1:001852333992:vpc/vpc-084f5cafeea208998",
                            "assign_generated_ipv6_cidr_block": "false",
                            "cidr_block": "10.0.0.0/16",
                            "default_network_acl_id": "acl-017804d2ed72a7d18",
                            "default_route_table_id": "rtb-0eaf2222d3be4aa11",
                            "default_security_group_id": "sg-07eead37d4c26d51a",
                            "dhcp_options_id": "dopt-38a3f95e",
                            "enable_classiclink": "false",
                            "enable_classiclink_dns_support": "false",
                            "enable_dns_hostnames": "true",
                            "enable_dns_support": "true",
                            "id": "vpc-084f5cafeea208998",
                            "instance_tenancy": "default",
                            "ipv6_association_id": "",
                            "ipv6_cidr_block": "",
                            "main_route_table_id": "rtb-0eaf2222d3be4aa11",
                            "owner_id": "001852333992",
                            "tags.%": "1",
                            "tags.Name": "consul_cluster_vpc"
                        },
                        "meta": {
                            "schema_version": "1"
                        },
                        "tainted": false
                    },
                    "deposed": [],
                    "provider": "provider.aws"
                },
                "data.aws_availability_zones.available": {
                    "type": "aws_availability_zones",
                    "depends_on": [],
                    "primary": {
                        "id": "2020-05-31 22:10:00.316065853 +0000 UTC",
                        "attributes": {
                            "group_names.#": "1",
                            "group_names.1612296418": "eu-west-1",
                            "id": "2020-05-31 22:10:00.316065853 +0000 UTC",
                            "names.#": "3",
                            "names.0": "eu-west-1a",
                            "names.1": "eu-west-1b",
                            "names.2": "eu-west-1c",
                            "zone_ids.#": "3",
                            "zone_ids.0": "euw1-az1",
                            "zone_ids.1": "euw1-az2",
                            "zone_ids.2": "euw1-az3"
                        },
                        "meta": {},
                        "tainted": false
                    },
                    "deposed": [],
                    "provider": "provider.aws"
                }
            },
            "depends_on": []
        },
        {
            "path": [
                "root",
                "security"
            ],
            "outputs": {
                "auto_scaling_group_sg_id": {
                    "sensitive": false,
                    "type": "list",
                    "value": [
                        "sg-05e1d0a8823009a29"
                    ]
                },
                "consul_cluster_elb_sg_ids": {
                    "sensitive": false,
                    "type": "list",
                    "value": [
                        "sg-09183a11f3c0e3beb"
                    ]
                }
            },
            "resources": {
                "aws_iam_instance_profile.consul_profile": {
                    "type": "aws_iam_instance_profile",
                    "depends_on": [
                        "aws_iam_role.consul_ec2_role"
                    ],
                    "primary": {
                        "id": "consul_profile",
                        "attributes": {
                            "arn": "arn:aws:iam::001852333992:instance-profile/consul_profile",
                            "create_date": "2020-05-31T22:10:27Z",
                            "id": "consul_profile",
                            "name": "consul_profile",
                            "path": "/",
                            "role": "consul_ec2_role",
                            "roles.#": "0",
                            "unique_id": "AIPAQA3TIL6UHYDVZBQVL"
                        },
                        "meta": {},
                        "tainted": false
                    },
                    "deposed": [],
                    "provider": "provider.aws"
                },
                "aws_iam_role.consul_ec2_role": {
                    "type": "aws_iam_role",
                    "depends_on": [],
                    "primary": {
                        "id": "consul_ec2_role",
                        "attributes": {
                            "arn": "arn:aws:iam::001852333992:role/consul_ec2_role",
                            "assume_role_policy": "{\"Version\":\"2012-10-17\",\"Statement\":[{\"Sid\":\"\",\"Effect\":\"Allow\",\"Principal\":{\"Service\":\"ec2.amazonaws.com\"},\"Action\":\"sts:AssumeRole\"}]}",
                            "create_date": "2020-05-31T22:10:26Z",
                            "description": "",
                            "force_detach_policies": "false",
                            "id": "consul_ec2_role",
                            "max_session_duration": "3600",
                            "name": "consul_ec2_role",
                            "path": "/",
                            "tags.%": "0",
                            "unique_id": "AROAQA3TIL6UHRO6WT2LH"
                        },
                        "meta": {},
                        "tainted": false
                    },
                    "deposed": [],
                    "provider": "provider.aws"
                },
                "aws_iam_role_policy.ec2_policy": {
                    "type": "aws_iam_role_policy",
                    "depends_on": [
                        "aws_iam_role.consul_ec2_role"
                    ],
                    "primary": {
                        "id": "consul_ec2_role:ec2_policy",
                        "attributes": {
                            "id": "consul_ec2_role:ec2_policy",
                            "name": "ec2_policy",
                            "policy": "{\n  \"Version\": \"2012-10-17\",\n  \"Statement\": [\n    {\n      \"Action\": [\n        \"ec2:Describe*\",\n        \"ec2:DescribeTags\",\n        \"autoscaling:DescribeAutoScalingGroups\"\n      ],\n      \"Effect\": \"Allow\",\n      \"Resource\": \"*\"\n    }\n  ]\n}\n",
                            "role": "consul_ec2_role"
                        },
                        "meta": {},
                        "tainted": false
                    },
                    "deposed": [],
                    "provider": "provider.aws"
                },
                "aws_key_pair.my_auth": {
                    "type": "aws_key_pair",
                    "depends_on": [],
                    "primary": {
                        "id": "snowplow_key",
                        "attributes": {
                            "fingerprint": "1f:a6:6d:0c:a3:d2:e6:37:3a:a7:1e:f8:66:b6:78:81",
                            "id": "snowplow_key",
                            "key_name": "snowplow_key",
                            "key_pair_id": "key-0c709e4f17a1f8622",
                            "public_key": "ssh-rsa AAAAB3NzaC1yc2EAAAADAQABAAACAQDka9MFRtgiYw13Z5KflMnKfg83MNvLh+HiozhOQEBj5UKkYRnQ2/0iL7Otw4BswJOU8CBGi+MnV6JwA0I9csuytOts/6QdA3L3opu/1a8WOdYX8DIwrgBmiiIBJqRVLztWsAeITAanP6LWJm/M9q7uLhpcH9heWJ+qJPWCFe7QMpnojmvttW/O8ixaFSEbCspgYnyVmnZ8P8RKS+uDRl3ffFSPnjVqjXcq8I0kTgrT32QMqFmrhOcPzSihahCVBCp001JolSKbkSnBQpv8mvA+cQSeUTUbeIaPa18eV7N1uGXCfeXJh0Y68Kai+pTqunh7axE8xSBBOJRySjsVyFn+33M0q9ftwaRFDcZYJzdotnBTdReCYT3aB8iIch3SADwtEXSk4nAiChizSNroqSUGGneeW6vsnTGlHkfazECc0dI64jvRgaqhWmYRdYL96jAhcjlUUvlLRh6oYGapirl4cQLlyWNTkX5ocQDyBDNiysDXRVWq6rWZeW5fDrT9QWayMhgdRGIlMoc50I7HLSPfdagjnVk2SdA+2cMnH4rDFo4E/6SL1B7Rz7eimwOCrhu1RLfRwZ75KE7D2QURsg6ZwsL9X3G2Y6zHU8UickaKxD44napfDoX1ATDTz+Y7pGz8dTZ0KPt08MeuZkwy59ioJtxsVVx/3pHYwO5EQGmH/Q== ghassen.cherni@gmail.com",
                            "tags.%": "0"
                        },
                        "meta": {
                            "schema_version": "1"
                        },
                        "tainted": false
                    },
                    "deposed": [],
                    "provider": "provider.aws"
                },
                "aws_security_group.auto_scaling_group_sg": {
                    "type": "aws_security_group",
                    "depends_on": [
                        "data.http.myip"
                    ],
                    "primary": {
                        "id": "sg-05e1d0a8823009a29",
                        "attributes": {
                            "arn": "arn:aws:ec2:eu-west-1:001852333992:security-group/sg-05e1d0a8823009a29",
                            "description": "SG of the auto scaling group",
                            "egress.#": "1",
                            "egress.482069346.cidr_blocks.#": "1",
                            "egress.482069346.cidr_blocks.0": "0.0.0.0/0",
                            "egress.482069346.description": "",
                            "egress.482069346.from_port": "0",
                            "egress.482069346.ipv6_cidr_blocks.#": "0",
                            "egress.482069346.prefix_list_ids.#": "0",
                            "egress.482069346.protocol": "-1",
                            "egress.482069346.security_groups.#": "0",
                            "egress.482069346.self": "false",
                            "egress.482069346.to_port": "0",
                            "id": "sg-05e1d0a8823009a29",
                            "ingress.#": "9",
                            "ingress.2539660112.cidr_blocks.#": "1",
                            "ingress.2539660112.cidr_blocks.0": "0.0.0.0/0",
                            "ingress.2539660112.description": "",
                            "ingress.2539660112.from_port": "8301",
                            "ingress.2539660112.ipv6_cidr_blocks.#": "0",
                            "ingress.2539660112.prefix_list_ids.#": "0",
                            "ingress.2539660112.protocol": "tcp",
                            "ingress.2539660112.security_groups.#": "0",
                            "ingress.2539660112.self": "false",
                            "ingress.2539660112.to_port": "8301",
                            "ingress.3090781021.cidr_blocks.#": "1",
                            "ingress.3090781021.cidr_blocks.0": "0.0.0.0/0",
                            "ingress.3090781021.description": "",
                            "ingress.3090781021.from_port": "8301",
                            "ingress.3090781021.ipv6_cidr_blocks.#": "0",
                            "ingress.3090781021.prefix_list_ids.#": "0",
                            "ingress.3090781021.protocol": "udp",
                            "ingress.3090781021.security_groups.#": "0",
                            "ingress.3090781021.self": "false",
                            "ingress.3090781021.to_port": "8301",
                            "ingress.3436029008.cidr_blocks.#": "1",
                            "ingress.3436029008.cidr_blocks.0": "92.92.88.60/32",
                            "ingress.3436029008.description": "",
                            "ingress.3436029008.from_port": "22",
                            "ingress.3436029008.ipv6_cidr_blocks.#": "0",
                            "ingress.3436029008.prefix_list_ids.#": "0",
                            "ingress.3436029008.protocol": "tcp",
                            "ingress.3436029008.security_groups.#": "0",
                            "ingress.3436029008.self": "false",
                            "ingress.3436029008.to_port": "22",
                            "ingress.3482902040.cidr_blocks.#": "1",
                            "ingress.3482902040.cidr_blocks.0": "0.0.0.0/0",
                            "ingress.3482902040.description": "",
                            "ingress.3482902040.from_port": "8500",
                            "ingress.3482902040.ipv6_cidr_blocks.#": "0",
                            "ingress.3482902040.prefix_list_ids.#": "0",
                            "ingress.3482902040.protocol": "tcp",
                            "ingress.3482902040.security_groups.#": "0",
                            "ingress.3482902040.self": "false",
                            "ingress.3482902040.to_port": "8500",
                            "ingress.4005846225.cidr_blocks.#": "1",
                            "ingress.4005846225.cidr_blocks.0": "0.0.0.0/0",
                            "ingress.4005846225.description": "",
                            "ingress.4005846225.from_port": "8300",
                            "ingress.4005846225.ipv6_cidr_blocks.#": "0",
                            "ingress.4005846225.prefix_list_ids.#": "0",
                            "ingress.4005846225.protocol": "tcp",
                            "ingress.4005846225.security_groups.#": "0",
                            "ingress.4005846225.self": "false",
                            "ingress.4005846225.to_port": "8300",
                            "ingress.495756243.cidr_blocks.#": "1",
                            "ingress.495756243.cidr_blocks.0": "0.0.0.0/0",
                            "ingress.495756243.description": "",
                            "ingress.495756243.from_port": "8302",
                            "ingress.495756243.ipv6_cidr_blocks.#": "0",
                            "ingress.495756243.prefix_list_ids.#": "0",
                            "ingress.495756243.protocol": "tcp",
                            "ingress.495756243.security_groups.#": "0",
                            "ingress.495756243.self": "false",
                            "ingress.495756243.to_port": "8302",
                            "ingress.500673617.cidr_blocks.#": "1",
                            "ingress.500673617.cidr_blocks.0": "0.0.0.0/0",
                            "ingress.500673617.description": "",
                            "ingress.500673617.from_port": "8600",
                            "ingress.500673617.ipv6_cidr_blocks.#": "0",
                            "ingress.500673617.prefix_list_ids.#": "0",
                            "ingress.500673617.protocol": "udp",
                            "ingress.500673617.security_groups.#": "0",
                            "ingress.500673617.self": "false",
                            "ingress.500673617.to_port": "8600",
                            "ingress.848174172.cidr_blocks.#": "1",
                            "ingress.848174172.cidr_blocks.0": "0.0.0.0/0",
                            "ingress.848174172.description": "",
                            "ingress.848174172.from_port": "8600",
                            "ingress.848174172.ipv6_cidr_blocks.#": "0",
                            "ingress.848174172.prefix_list_ids.#": "0",
                            "ingress.848174172.protocol": "tcp",
                            "ingress.848174172.security_groups.#": "0",
                            "ingress.848174172.self": "false",
                            "ingress.848174172.to_port": "8600",
                            "ingress.852825054.cidr_blocks.#": "1",
                            "ingress.852825054.cidr_blocks.0": "0.0.0.0/0",
                            "ingress.852825054.description": "",
                            "ingress.852825054.from_port": "8302",
                            "ingress.852825054.ipv6_cidr_blocks.#": "0",
                            "ingress.852825054.prefix_list_ids.#": "0",
                            "ingress.852825054.protocol": "udp",
                            "ingress.852825054.security_groups.#": "0",
                            "ingress.852825054.self": "false",
                            "ingress.852825054.to_port": "8302",
                            "name": "auto-scaling-group-sg",
                            "owner_id": "001852333992",
                            "revoke_rules_on_delete": "false",
                            "tags.%": "0",
                            "vpc_id": "vpc-084f5cafeea208998"
                        },
                        "meta": {
                            "e2bfb730-ecaa-11e6-8f88-34363bc7c4c0": {
                                "create": 600000000000,
                                "delete": 600000000000
                            },
                            "schema_version": "1"
                        },
                        "tainted": false
                    },
                    "deposed": [],
                    "provider": "provider.aws"
                },
                "aws_security_group.consul_cluster_elb_sg": {
                    "type": "aws_security_group",
                    "depends_on": [],
                    "primary": {
                        "id": "sg-09183a11f3c0e3beb",
                        "attributes": {
                            "arn": "arn:aws:ec2:eu-west-1:001852333992:security-group/sg-09183a11f3c0e3beb",
                            "description": "Allow HTTP traffic to instances through Elastic Load Balancer",
                            "egress.#": "1",
                            "egress.482069346.cidr_blocks.#": "1",
                            "egress.482069346.cidr_blocks.0": "0.0.0.0/0",
                            "egress.482069346.description": "",
                            "egress.482069346.from_port": "0",
                            "egress.482069346.ipv6_cidr_blocks.#": "0",
                            "egress.482069346.prefix_list_ids.#": "0",
                            "egress.482069346.protocol": "-1",
                            "egress.482069346.security_groups.#": "0",
                            "egress.482069346.self": "false",
                            "egress.482069346.to_port": "0",
                            "id": "sg-09183a11f3c0e3beb",
                            "ingress.#": "1",
                            "ingress.2214680975.cidr_blocks.#": "1",
                            "ingress.2214680975.cidr_blocks.0": "0.0.0.0/0",
                            "ingress.2214680975.description": "",
                            "ingress.2214680975.from_port": "80",
                            "ingress.2214680975.ipv6_cidr_blocks.#": "0",
                            "ingress.2214680975.prefix_list_ids.#": "0",
                            "ingress.2214680975.protocol": "tcp",
                            "ingress.2214680975.security_groups.#": "0",
                            "ingress.2214680975.self": "false",
                            "ingress.2214680975.to_port": "80",
                            "name": "consul_cluster_elb",
                            "owner_id": "001852333992",
                            "revoke_rules_on_delete": "false",
                            "tags.%": "1",
                            "tags.Name": "Allow HTTP through ELB Security Group",
                            "vpc_id": "vpc-084f5cafeea208998"
                        },
                        "meta": {
                            "e2bfb730-ecaa-11e6-8f88-34363bc7c4c0": {
                                "create": 600000000000,
                                "delete": 600000000000
                            },
                            "schema_version": "1"
                        },
                        "tainted": false
                    },
                    "deposed": [],
                    "provider": "provider.aws"
                },
                "data.http.myip": {
                    "type": "http",
                    "depends_on": [],
                    "primary": {
                        "id": "2020-05-31 22:09:57.652536685 +0000 UTC",
                        "attributes": {
                            "body": "92.92.88.60\n",
                            "id": "2020-05-31 22:09:57.652536685 +0000 UTC",
                            "response_headers.%": "8",
                            "response_headers.Access-Control-Allow-Methods": "GET",
                            "response_headers.Access-Control-Allow-Origin": "*",
                            "response_headers.Content-Length": "12",
                            "response_headers.Content-Type": "text/plain; charset=UTF-8",
                            "response_headers.Date": "Sun, 31 May 2020 22:09:57 GMT",
                            "response_headers.Server": "nginx",
                            "response_headers.X-Rtfm": "Learn about this site at http://bit.ly/icanhazip-faq and do not abuse the service.",
                            "response_headers.X-Security": "This site DOES NOT distribute malware. Get the facts. https://goo.gl/1FhVpg",
                            "url": "http://ipv4.icanhazip.com"
                        },
                        "meta": {},
                        "tainted": false
                    },
                    "deposed": [],
                    "provider": "provider.http"
                }
            },
            "depends_on": []
        }
    ]
}
